Microsoft Visual Studio Solution File, Format Version 12.00
# Visual Studio Version 17
VisualStudioVersion = 17.5.2.0
MinimumVisualStudioVersion = 10.0.40219.1
Project("{2150E333-8FDC-42A3-9474-1A3956D46DE8}") = "featbit", "featbit", "{9CEA30F6-66BC-6B87-E1C5-4BE44CD29C15}"
EndProject
Project("{FAE04EC0-301F-11D3-BF4B-00C04F79EFBC}") = "FeatBit.TrackApi", "featbit\FeatBit.TrackApi\FeatBit.TrackApi.csproj", "{70C0F21B-9A8B-1819-A3C7-3BADC0E67279}"
EndProject
Global
	GlobalSection(SolutionConfigurationPlatforms) = preSolution
		Debug|Any CPU = Debug|Any CPU
		Release|Any CPU = Release|Any CPU
	EndGlobalSection
	GlobalSection(ProjectConfigurationPlatforms) = postSolution
		{70C0F21B-9A8B-1819-A3C7-3BADC0E67279}.Debug|Any CPU.ActiveCfg = Debug|Any CPU
		{70C0F21B-9A8B-1819-A3C7-3BADC0E67279}.Debug|Any CPU.Build.0 = Debug|Any CPU
		{70C0F21B-9A8B-1819-A3C7-3BADC0E67279}.Release|Any CPU.ActiveCfg = Release|Any CPU
		{70C0F21B-9A8B-1819-A3C7-3BADC0E67279}.Release|Any CPU.Build.0 = Release|Any CPU
	EndGlobalSection
	GlobalSection(SolutionProperties) = preSolution
		HideSolutionNode = FALSE
	EndGlobalSection
	GlobalSection(NestedProjects) = preSolution
		{70C0F21B-9A8B-1819-A3C7-3BADC0E67279} = {9CEA30F6-66BC-6B87-E1C5-4BE44CD29C15}
	EndGlobalSection
	GlobalSection(ExtensibilityGlobals) = postSolution
		SolutionGuid = {14454669-F929-46A2-BECD-355CFC60C25C}
	EndGlobalSection
EndGlobal
