<Solution>
  <Folder Name="/src/">
    <Project Path="src/Core/Core.csproj" />
    <Project Path="src/DecisionCli/DecisionCli.csproj" />
  </Folder>
  <Folder Name="/src/Data/" />
  <Folder Name="/src/Data/Postgres/">
    <Project Path="src/Data/Postgres/Data.Postgres.csproj" />
  </Folder>
  <Folder Name="/tests/">
    <Project Path="tests/FeatBit.ReleaseDecision.Tests/FeatBit.ReleaseDecision.Tests.csproj" />
  </Folder>
</Solution>
